// !$*UTF8*$!
{
	archiveVersion = 1;
	classes = {
	};
	objectVersion = 55;
	objects = {

/* Begin PBXBuildFile section */
		1800331527B5E8190059BB99 /* AllChatsView.swift in Sources */ = {isa = PBXBuildFile; fileRef = 1800331427B5E8190059BB99 /* AllChatsView.swift */; };
		1800331727B5E83A0059BB99 /* RecentCardView.swift in Sources */ = {isa = PBXBuildFile; fileRef = 1800331627B5E83A0059BB99 /* RecentCardView.swift */; };
		1800331927B5ED6F0059BB99 /* ContentView.swift in Sources */ = {isa = PBXBuildFile; fileRef = 1800331827B5ED6F0059BB99 /* ContentView.swift */; };
		1800331B27B5EEC00059BB99 /* SearchText.swift in Sources */ = {isa = PBXBuildFile; fileRef = 1800331A27B5EEC00059BB99 /* SearchText.swift */; };
		1800331D27B5EEDB0059BB99 /* IconButton.swift in Sources */ = {isa = PBXBuildFile; fileRef = 1800331C27B5EEDB0059BB99 /* IconButton.swift */; };
		1800331F27B5EEF90059BB99 /* DetailView.swift in Sources */ = {isa = PBXBuildFile; fileRef = 1800331E27B5EEF90059BB99 /* DetailView.swift */; };
		18B7CEAC27B0A47A0075ECC1 /* FinancesMacApp.swift in Sources */ = {isa = PBXBuildFile; fileRef = 18B7CEAB27B0A47A0075ECC1 /* FinancesMacApp.swift */; };
		18B7CEB227B0A47C0075ECC1 /* Assets.xcassets in Resources */ = {isa = PBXBuildFile; fileRef = 18B7CEB127B0A47C0075ECC1 /* Assets.xcassets */; };
		18B7CEB527B0A47C0075ECC1 /* Preview Assets.xcassets in Resources */ = {isa = PBXBuildFile; fileRef = 18B7CEB427B0A47C0075ECC1 /* Preview Assets.xcassets */; };
		18B7CEC127B0A47C0075ECC1 /* FinancesMacTests.swift in Sources */ = {isa = PBXBuildFile; fileRef = 18B7CEC027B0A47C0075ECC1 /* FinancesMacTests.swift */; };
		18B7CECB27B0A47C0075ECC1 /* FinancesMacUITests.swift in Sources */ = {isa = PBXBuildFile; fileRef = 18B7CECA27B0A47C0075ECC1 /* FinancesMacUITests.swift */; };
		18B7CECD27B0A47C0075ECC1 /* FinancesMacUITestsLaunchTests.swift in Sources */ = {isa = PBXBuildFile; fileRef = 18B7CECC27B0A47C0075ECC1 /* FinancesMacUITestsLaunchTests.swift */; };
		18B7CEDD27B0A4DC0075ECC1 /* BlurView.swift in Sources */ = {isa = PBXBuildFile; fileRef = 18B7CEDA27B0A4DC0075ECC1 /* BlurView.swift */; };
		18B7CEDE27B0A4DC0075ECC1 /* TabButton.swift in Sources */ = {isa = PBXBuildFile; fileRef = 18B7CEDB27B0A4DC0075ECC1 /* TabButton.swift */; };
		18B7CEDF27B0A4DC0075ECC1 /* TabView.swift in Sources */ = {isa = PBXBuildFile; fileRef = 18B7CEDC27B0A4DC0075ECC1 /* TabView.swift */; };
		18F3D03027B66B6D00EDDFE3 /* ExpandView.swift in Sources */ = {isa = PBXBuildFile; fileRef = 18F3D02F27B66B6D00EDDFE3 /* ExpandView.swift */; };
		18F3D03227B66E8800EDDFE3 /* MessageView.swift in Sources */ = {isa = PBXBuildFile; fileRef = 18F3D03127B66E8800EDDFE3 /* MessageView.swift */; };
		18F3D03427B66EC500EDDFE3 /* View+Extensions.swift in Sources */ = {isa = PBXBuildFile; fileRef = 18F3D03327B66EC500EDDFE3 /* View+Extensions.swift */; };
		18F3D03727B7B46300EDDFE3 /* ProfileView.swift in Sources */ = {isa = PBXBuildFile; fileRef = 18F3D03627B7B46300EDDFE3 /* ProfileView.swift */; };
		18F3D03927B7B74E00EDDFE3 /* MessageCard.swift in Sources */ = {isa = PBXBuildFile; fileRef = 18F3D03827B7B74E00EDDFE3 /* MessageCard.swift */; };
/* End PBXBuildFile section */

/* Begin PBXContainerItemProxy section */
		18B7CEBD27B0A47C0075ECC1 /* PBXContainerItemProxy */ = {
			isa = PBXContainerItemProxy;
			containerPortal = 18B7CEA027B0A47A0075ECC1 /* Project object */;
			proxyType = 1;
			remoteGlobalIDString = 18B7CEA727B0A47A0075ECC1;
			remoteInfo = FinancesMac;
		};
		18B7CEC727B0A47C0075ECC1 /* PBXContainerItemProxy */ = {
			isa = PBXContainerItemProxy;
			containerPortal = 18B7CEA027B0A47A0075ECC1 /* Project object */;
			proxyType = 1;
			remoteGlobalIDString = 18B7CEA727B0A47A0075ECC1;
			remoteInfo = FinancesMac;
		};
/* End PBXContainerItemProxy section */

/* Begin PBXFileReference section */
		1800331427B5E8190059BB99 /* AllChatsView.swift */ = {isa = PBXFileReference; lastKnownFileType = sourcecode.swift; path = AllChatsView.swift; sourceTree = "<group>"; };
		1800331627B5E83A0059BB99 /* RecentCardView.swift */ = {isa = PBXFileReference; lastKnownFileType = sourcecode.swift; path = RecentCardView.swift; sourceTree = "<group>"; };
		1800331827B5ED6F0059BB99 /* ContentView.swift */ = {isa = PBXFileReference; lastKnownFileType = sourcecode.swift; path = ContentView.swift; sourceTree = "<group>"; };
		1800331A27B5EEC00059BB99 /* SearchText.swift */ = {isa = PBXFileReference; lastKnownFileType = sourcecode.swift; path = SearchText.swift; sourceTree = "<group>"; };
		1800331C27B5EEDB0059BB99 /* IconButton.swift */ = {isa = PBXFileReference; lastKnownFileType = sourcecode.swift; path = IconButton.swift; sourceTree = "<group>"; };
		1800331E27B5EEF90059BB99 /* DetailView.swift */ = {isa = PBXFileReference; lastKnownFileType = sourcecode.swift; path = DetailView.swift; sourceTree = "<group>"; };
		18B7CEA827B0A47A0075ECC1 /* FinancesMac.app */ = {isa = PBXFileReference; explicitFileType = wrapper.application; includeInIndex = 0; path = FinancesMac.app; sourceTree = BUILT_PRODUCTS_DIR; };
		18B7CEAB27B0A47A0075ECC1 /* FinancesMacApp.swift */ = {isa = PBXFileReference; lastKnownFileType = sourcecode.swift; path = FinancesMacApp.swift; sourceTree = "<group>"; };
		18B7CEB127B0A47C0075ECC1 /* Assets.xcassets */ = {isa = PBXFileReference; lastKnownFileType = folder.assetcatalog; path = Assets.xcassets; sourceTree = "<group>"; };
		18B7CEB427B0A47C0075ECC1 /* Preview Assets.xcassets */ = {isa = PBXFileReference; lastKnownFileType = folder.assetcatalog; path = "Preview Assets.xcassets"; sourceTree = "<group>"; };
		18B7CEB627B0A47C0075ECC1 /* Info.plist */ = {isa = PBXFileReference; lastKnownFileType = text.plist.xml; path = Info.plist; sourceTree = "<group>"; };
		18B7CEB727B0A47C0075ECC1 /* FinancesMac.entitlements */ = {isa = PBXFileReference; lastKnownFileType = text.plist.entitlements; path = FinancesMac.entitlements; sourceTree = "<group>"; };
		18B7CEBC27B0A47C0075ECC1 /* FinancesMacTests.xctest */ = {isa = PBXFileReference; explicitFileType = wrapper.cfbundle; includeInIndex = 0; path = FinancesMacTests.xctest; sourceTree = BUILT_PRODUCTS_DIR; };
		18B7CEC027B0A47C0075ECC1 /* FinancesMacTests.swift */ = {isa = PBXFileReference; lastKnownFileType = sourcecode.swift; path = FinancesMacTests.swift; sourceTree = "<group>"; };
		18B7CEC627B0A47C0075ECC1 /* FinancesMacUITests.xctest */ = {isa = PBXFileReference; explicitFileType = wrapper.cfbundle; includeInIndex = 0; path = FinancesMacUITests.xctest; sourceTree = BUILT_PRODUCTS_DIR; };
		18B7CECA27B0A47C0075ECC1 /* FinancesMacUITests.swift */ = {isa = PBXFileReference; lastKnownFileType = sourcecode.swift; path = FinancesMacUITests.swift; sourceTree = "<group>"; };
		18B7CECC27B0A47C0075ECC1 /* FinancesMacUITestsLaunchTests.swift */ = {isa = PBXFileReference; lastKnownFileType = sourcecode.swift; path = FinancesMacUITestsLaunchTests.swift; sourceTree = "<group>"; };
		18B7CEDA27B0A4DC0075ECC1 /* BlurView.swift */ = {isa = PBXFileReference; fileEncoding = 4; lastKnownFileType = sourcecode.swift; path = BlurView.swift; sourceTree = "<group>"; };
		18B7CEDB27B0A4DC0075ECC1 /* TabButton.swift */ = {isa = PBXFileReference; fileEncoding = 4; lastKnownFileType = sourcecode.swift; path = TabButton.swift; sourceTree = "<group>"; };
		18B7CEDC27B0A4DC0075ECC1 /* TabView.swift */ = {isa = PBXFileReference; fileEncoding = 4; lastKnownFileType = sourcecode.swift; path = TabView.swift; sourceTree = "<group>"; };
		18F3D02F27B66B6D00EDDFE3 /* ExpandView.swift */ = {isa = PBXFileReference; lastKnownFileType = sourcecode.swift; path = ExpandView.swift; sourceTree = "<group>"; };
		18F3D03127B66E8800EDDFE3 /* MessageView.swift */ = {isa = PBXFileReference; lastKnownFileType = sourcecode.swift; path = MessageView.swift; sourceTree = "<group>"; };
		18F3D03327B66EC500EDDFE3 /* View+Extensions.swift */ = {isa = PBXFileReference; lastKnownFileType = sourcecode.swift; path = "View+Extensions.swift"; sourceTree = "<group>"; };
		18F3D03627B7B46300EDDFE3 /* ProfileView.swift */ = {isa = PBXFileReference; lastKnownFileType = sourcecode.swift; path = ProfileView.swift; sourceTree = "<group>"; };
		18F3D03827B7B74E00EDDFE3 /* MessageCard.swift */ = {isa = PBXFileReference; lastKnownFileType = sourcecode.swift; path = MessageCard.swift; sourceTree = "<group>"; };
/* End PBXFileReference section */

/* Begin PBXFrameworksBuildPhase section */
		18B7CEA527B0A47A0075ECC1 /* Frameworks */ = {
			isa = PBXFrameworksBuildPhase;
			buildActionMask = 2147483647;
			files = (
			);
			runOnlyForDeploymentPostprocessing = 0;
		};
		18B7CEB927B0A47C0075ECC1 /* Frameworks */ = {
			isa = PBXFrameworksBuildPhase;
			buildActionMask = 2147483647;
			files = (
			);
			runOnlyForDeploymentPostprocessing = 0;
		};
		18B7CEC327B0A47C0075ECC1 /* Frameworks */ = {
			isa = PBXFrameworksBuildPhase;
			buildActionMask = 2147483647;
			files = (
			);
			runOnlyForDeploymentPostprocessing = 0;
		};
/* End PBXFrameworksBuildPhase section */

/* Begin PBXGroup section */
		1800331327B5E8060059BB99 /* Views */ = {
			isa = PBXGroup;
			children = (
				1800331427B5E8190059BB99 /* AllChatsView.swift */,
				1800331627B5E83A0059BB99 /* RecentCardView.swift */,
				1800331E27B5EEF90059BB99 /* DetailView.swift */,
				18F3D02F27B66B6D00EDDFE3 /* ExpandView.swift */,
				18F3D03127B66E8800EDDFE3 /* MessageView.swift */,
			);
			path = Views;
			sourceTree = "<group>";
		};
		18B7CE9F27B0A47A0075ECC1 = {
			isa = PBXGroup;
			children = (
				18B7CEAA27B0A47A0075ECC1 /* FinancesMac */,
				18B7CEBF27B0A47C0075ECC1 /* FinancesMacTests */,
				18B7CEC927B0A47C0075ECC1 /* FinancesMacUITests */,
				18B7CEA927B0A47A0075ECC1 /* Products */,
			);
			sourceTree = "<group>";
		};
		18B7CEA927B0A47A0075ECC1 /* Products */ = {
			isa = PBXGroup;
			children = (
				18B7CEA827B0A47A0075ECC1 /* FinancesMac.app */,
				18B7CEBC27B0A47C0075ECC1 /* FinancesMacTests.xctest */,
				18B7CEC627B0A47C0075ECC1 /* FinancesMacUITests.xctest */,
			);
			name = Products;
			sourceTree = "<group>";
		};
		18B7CEAA27B0A47A0075ECC1 /* FinancesMac */ = {
			isa = PBXGroup;
			children = (
				18F3D03527B66ED000EDDFE3 /* Extensions */,
				1800331327B5E8060059BB99 /* Views */,
				18B7CED927B0A4DC0075ECC1 /* Components */,
				18B7CEAB27B0A47A0075ECC1 /* FinancesMacApp.swift */,
				1800331827B5ED6F0059BB99 /* ContentView.swift */,
				18B7CEB127B0A47C0075ECC1 /* Assets.xcassets */,
				18B7CEB627B0A47C0075ECC1 /* Info.plist */,
				18B7CEB727B0A47C0075ECC1 /* FinancesMac.entitlements */,
				18B7CEB327B0A47C0075ECC1 /* Preview Content */,
			);
			path = FinancesMac;
			sourceTree = "<group>";
		};
		18B7CEB327B0A47C0075ECC1 /* Preview Content */ = {
			isa = PBXGroup;
			children = (
				18B7CEB427B0A47C0075ECC1 /* Preview Assets.xcassets */,
			);
			path = "Preview Content";
			sourceTree = "<group>";
		};
		18B7CEBF27B0A47C0075ECC1 /* FinancesMacTests */ = {
			isa = PBXGroup;
			children = (
				18B7CEC027B0A47C0075ECC1 /* FinancesMacTests.swift */,
			);
			path = FinancesMacTests;
			sourceTree = "<group>";
		};
		18B7CEC927B0A47C0075ECC1 /* FinancesMacUITests */ = {
			isa = PBXGroup;
			children = (
				18B7CECA27B0A47C0075ECC1 /* FinancesMacUITests.swift */,
				18B7CECC27B0A47C0075ECC1 /* FinancesMacUITestsLaunchTests.swift */,
			);
			path = FinancesMacUITests;
			sourceTree = "<group>";
		};
		18B7CED927B0A4DC0075ECC1 /* Components */ = {
			isa = PBXGroup;
			children = (
				18B7CEDA27B0A4DC0075ECC1 /* BlurView.swift */,
				18B7CEDB27B0A4DC0075ECC1 /* TabButton.swift */,
				18B7CEDC27B0A4DC0075ECC1 /* TabView.swift */,
				1800331A27B5EEC00059BB99 /* SearchText.swift */,
				1800331C27B5EEDB0059BB99 /* IconButton.swift */,
				18F3D03627B7B46300EDDFE3 /* ProfileView.swift */,
				18F3D03827B7B74E00EDDFE3 /* MessageCard.swift */,
			);
			path = Components;
			sourceTree = "<group>";
		};
		18F3D03527B66ED000EDDFE3 /* Extensions */ = {
			isa = PBXGroup;
			children = (
				18F3D03327B66EC500EDDFE3 /* View+Extensions.swift */,
			);
			path = Extensions;
			sourceTree = "<group>";
		};
/* End PBXGroup section */

/* Begin PBXNativeTarget section */
		18B7CEA727B0A47A0075ECC1 /* FinancesMac */ = {
			isa = PBXNativeTarget;
			buildConfigurationList = 18B7CED027B0A47C0075ECC1 /* Build configuration list for PBXNativeTarget "FinancesMac" */;
			buildPhases = (
				18B7CEA427B0A47A0075ECC1 /* Sources */,
				18B7CEA527B0A47A0075ECC1 /* Frameworks */,
				18B7CEA627B0A47A0075ECC1 /* Resources */,
			);
			buildRules = (
			);
			dependencies = (
			);
			name = FinancesMac;
			productName = FinancesMac;
			productReference = 18B7CEA827B0A47A0075ECC1 /* FinancesMac.app */;
			productType = "com.apple.product-type.application";
		};
		18B7CEBB27B0A47C0075ECC1 /* FinancesMacTests */ = {
			isa = PBXNativeTarget;
			buildConfigurationList = 18B7CED327B0A47C0075ECC1 /* Build configuration list for PBXNativeTarget "FinancesMacTests" */;
			buildPhases = (
				18B7CEB827B0A47C0075ECC1 /* Sources */,
				18B7CEB927B0A47C0075ECC1 /* Frameworks */,
				18B7CEBA27B0A47C0075ECC1 /* Resources */,
			);
			buildRules = (
			);
			dependencies = (
				18B7CEBE27B0A47C0075ECC1 /* PBXTargetDependency */,
			);
			name = FinancesMacTests;
			productName = FinancesMacTests;
			productReference = 18B7CEBC27B0A47C0075ECC1 /* FinancesMacTests.xctest */;
			productType = "com.apple.product-type.bundle.unit-test";
		};
		18B7CEC527B0A47C0075ECC1 /* FinancesMacUITests */ = {
			isa = PBXNativeTarget;
			buildConfigurationList = 18B7CED627B0A47C0075ECC1 /* Build configuration list for PBXNativeTarget "FinancesMacUITests" */;
			buildPhases = (
				18B7CEC227B0A47C0075ECC1 /* Sources */,
				18B7CEC327B0A47C0075ECC1 /* Frameworks */,
				18B7CEC427B0A47C0075ECC1 /* Resources */,
			);
			buildRules = (
			);
			dependencies = (
				18B7CEC827B0A47C0075ECC1 /* PBXTargetDependency */,
			);
			name = FinancesMacUITests;
			productName = FinancesMacUITests;
			productReference = 18B7CEC627B0A47C0075ECC1 /* FinancesMacUITests.xctest */;
			productType = "com.apple.product-type.bundle.ui-testing";
		};
/* End PBXNativeTarget section */

/* Begin PBXProject section */
		18B7CEA027B0A47A0075ECC1 /* Project object */ = {
			isa = PBXProject;
			attributes = {
				BuildIndependentTargetsInParallel = 1;
				LastSwiftUpdateCheck = 1320;
				LastUpgradeCheck = 1320;
				TargetAttributes = {
					18B7CEA727B0A47A0075ECC1 = {
						CreatedOnToolsVersion = 13.2.1;
					};
					18B7CEBB27B0A47C0075ECC1 = {
						CreatedOnToolsVersion = 13.2.1;
						TestTargetID = 18B7CEA727B0A47A0075ECC1;
					};
					18B7CEC527B0A47C0075ECC1 = {
						CreatedOnToolsVersion = 13.2.1;
						TestTargetID = 18B7CEA727B0A47A0075ECC1;
					};
				};
			};
			buildConfigurationList = 18B7CEA327B0A47A0075ECC1 /* Build configuration list for PBXProject "FinancesMac" */;
			compatibilityVersion = "Xcode 13.0";
			developmentRegion = en;
			hasScannedForEncodings = 0;
			knownRegions = (
				en,
				Base,
			);
			mainGroup = 18B7CE9F27B0A47A0075ECC1;
			productRefGroup = 18B7CEA927B0A47A0075ECC1 /* Products */;
			projectDirPath = "";
			projectRoot = "";
			targets = (
				18B7CEA727B0A47A0075ECC1 /* FinancesMac */,
				18B7CEBB27B0A47C0075ECC1 /* FinancesMacTests */,
				18B7CEC527B0A47C0075ECC1 /* FinancesMacUITests */,
			);
		};
/* End PBXProject section */

/* Begin PBXResourcesBuildPhase section */
		18B7CEA627B0A47A0075ECC1 /* Resources */ = {
			isa = PBXResourcesBuildPhase;
			buildActionMask = 2147483647;
			files = (
				18B7CEB527B0A47C0075ECC1 /* Preview Assets.xcassets in Resources */,
				18B7CEB227B0A47C0075ECC1 /* Assets.xcassets in Resources */,
			);
			runOnlyForDeploymentPostprocessing = 0;
		};
		18B7CEBA27B0A47C0075ECC1 /* Resources */ = {
			isa = PBXResourcesBuildPhase;
			buildActionMask = 2147483647;
			files = (
			);
			runOnlyForDeploymentPostprocessing = 0;
		};
		18B7CEC427B0A47C0075ECC1 /* Resources */ = {
			isa = PBXResourcesBuildPhase;
			buildActionMask = 2147483647;
			files = (
			);
			runOnlyForDeploymentPostprocessing = 0;
		};
/* End PBXResourcesBuildPhase section */

/* Begin PBXSourcesBuildPhase section */
		18B7CEA427B0A47A0075ECC1 /* Sources */ = {
			isa = PBXSourcesBuildPhase;
			buildActionMask = 2147483647;
			files = (
				18F3D03227B66E8800EDDFE3 /* MessageView.swift in Sources */,
				1800331D27B5EEDB0059BB99 /* IconButton.swift in Sources */,
				18B7CEAC27B0A47A0075ECC1 /* FinancesMacApp.swift in Sources */,
				1800331527B5E8190059BB99 /* AllChatsView.swift in Sources */,
				1800331F27B5EEF90059BB99 /* DetailView.swift in Sources */,
				1800331927B5ED6F0059BB99 /* ContentView.swift in Sources */,
				18B7CEDD27B0A4DC0075ECC1 /* BlurView.swift in Sources */,
				18F3D03927B7B74E00EDDFE3 /* MessageCard.swift in Sources */,
				18F3D03027B66B6D00EDDFE3 /* ExpandView.swift in Sources */,
				1800331727B5E83A0059BB99 /* RecentCardView.swift in Sources */,
				18F3D03427B66EC500EDDFE3 /* View+Extensions.swift in Sources */,
				18B7CEDE27B0A4DC0075ECC1 /* TabButton.swift in Sources */,
				1800331B27B5EEC00059BB99 /* SearchText.swift in Sources */,
				18F3D03727B7B46300EDDFE3 /* ProfileView.swift in Sources */,
				18B7CEDF27B0A4DC0075ECC1 /* TabView.swift in Sources */,
			);
			runOnlyForDeploymentPostprocessing = 0;
		};
		18B7CEB827B0A47C0075ECC1 /* Sources */ = {
			isa = PBXSourcesBuildPhase;
			buildActionMask = 2147483647;
			files = (
				18B7CEC127B0A47C0075ECC1 /* FinancesMacTests.swift in Sources */,
			);
			runOnlyForDeploymentPostprocessing = 0;
		};
		18B7CEC227B0A47C0075ECC1 /* Sources */ = {
			isa = PBXSourcesBuildPhase;
			buildActionMask = 2147483647;
			files = (
				18B7CECB27B0A47C0075ECC1 /* FinancesMacUITests.swift in Sources */,
				18B7CECD27B0A47C0075ECC1 /* FinancesMacUITestsLaunchTests.swift in Sources */,
			);
			runOnlyForDeploymentPostprocessing = 0;
		};
/* End PBXSourcesBuildPhase section */

/* Begin PBXTargetDependency section */
		18B7CEBE27B0A47C0075ECC1 /* PBXTargetDependency */ = {
			isa = PBXTargetDependency;
			target = 18B7CEA727B0A47A0075ECC1 /* FinancesMac */;
			targetProxy = 18B7CEBD27B0A47C0075ECC1 /* PBXContainerItemProxy */;
		};
		18B7CEC827B0A47C0075ECC1 /* PBXTargetDependency */ = {
			isa = PBXTargetDependency;
			target = 18B7CEA727B0A47A0075ECC1 /* FinancesMac */;
			targetProxy = 18B7CEC727B0A47C0075ECC1 /* PBXContainerItemProxy */;
		};
/* End PBXTargetDependency section */

/* Begin XCBuildConfiguration section */
		18B7CECE27B0A47C0075ECC1 /* Debug */ = {
			isa = XCBuildConfiguration;
			buildSettings = {
				ALWAYS_SEARCH_USER_PATHS = NO;
				CLANG_ANALYZER_NONNULL = YES;
				CLANG_ANALYZER_NUMBER_OBJECT_CONVERSION = YES_AGGRESSIVE;
				CLANG_CXX_LANGUAGE_STANDARD = "gnu++17";
				CLANG_CXX_LIBRARY = "libc++";
				CLANG_ENABLE_MODULES = YES;
				CLANG_ENABLE_OBJC_ARC = YES;
				CLANG_ENABLE_OBJC_WEAK = YES;
				CLANG_WARN_BLOCK_CAPTURE_AUTORELEASING = YES;
				CLANG_WARN_BOOL_CONVERSION = YES;
				CLANG_WARN_COMMA = YES;
				CLANG_WARN_CONSTANT_CONVERSION = YES;
				CLANG_WARN_DEPRECATED_OBJC_IMPLEMENTATIONS = YES;
				CLANG_WARN_DIRECT_OBJC_ISA_USAGE = YES_ERROR;
				CLANG_WARN_DOCUMENTATION_COMMENTS = YES;
				CLANG_WARN_EMPTY_BODY = YES;
				CLANG_WARN_ENUM_CONVERSION = YES;
				CLANG_WARN_INFINITE_RECURSION = YES;
				CLANG_WARN_INT_CONVERSION = YES;
				CLANG_WARN_NON_LITERAL_NULL_CONVERSION = YES;
				CLANG_WARN_OBJC_IMPLICIT_RETAIN_SELF = YES;
				CLANG_WARN_OBJC_LITERAL_CONVERSION = YES;
				CLANG_WARN_OBJC_ROOT_CLASS = YES_ERROR;
				CLANG_WARN_QUOTED_INCLUDE_IN_FRAMEWORK_HEADER = YES;
				CLANG_WARN_RANGE_LOOP_ANALYSIS = YES;
				CLANG_WARN_STRICT_PROTOTYPES = YES;
				CLANG_WARN_SUSPICIOUS_MOVE = YES;
				CLANG_WARN_UNGUARDED_AVAILABILITY = YES_AGGRESSIVE;
				CLANG_WARN_UNREACHABLE_CODE = YES;
				CLANG_WARN__DUPLICATE_METHOD_MATCH = YES;
				COPY_PHASE_STRIP = NO;
				DEBUG_INFORMATION_FORMAT = dwarf;
				ENABLE_STRICT_OBJC_MSGSEND = YES;
				ENABLE_TESTABILITY = YES;
				GCC_C_LANGUAGE_STANDARD = gnu11;
				GCC_DYNAMIC_NO_PIC = NO;
				GCC_NO_COMMON_BLOCKS = YES;
				GCC_OPTIMIZATION_LEVEL = 0;
				GCC_PREPROCESSOR_DEFINITIONS = (
					"DEBUG=1",
					"$(inherited)",
				);
				GCC_WARN_64_TO_32_BIT_CONVERSION = YES;
				GCC_WARN_ABOUT_RETURN_TYPE = YES_ERROR;
				GCC_WARN_UNDECLARED_SELECTOR = YES;
				GCC_WARN_UNINITIALIZED_AUTOS = YES_AGGRESSIVE;
				GCC_WARN_UNUSED_FUNCTION = YES;
				GCC_WARN_UNUSED_VARIABLE = YES;
				MACOSX_DEPLOYMENT_TARGET = 12.1;
				MTL_ENABLE_DEBUG_INFO = INCLUDE_SOURCE;
				MTL_FAST_MATH = YES;
				ONLY_ACTIVE_ARCH = YES;
				SDKROOT = macosx;
				SWIFT_ACTIVE_COMPILATION_CONDITIONS = DEBUG;
				SWIFT_OPTIMIZATION_LEVEL = "-Onone";
			};
			name = Debug;
		};
		18B7CECF27B0A47C0075ECC1 /* Release */ = {
			isa = XCBuildConfiguration;
			buildSettings = {
				ALWAYS_SEARCH_USER_PATHS = NO;
				CLANG_ANALYZER_NONNULL = YES;
				CLANG_ANALYZER_NUMBER_OBJECT_CONVERSION = YES_AGGRESSIVE;
				CLANG_CXX_LANGUAGE_STANDARD = "gnu++17";
				CLANG_CXX_LIBRARY = "libc++";
				CLANG_ENABLE_MODULES = YES;
				CLANG_ENABLE_OBJC_ARC = YES;
				CLANG_ENABLE_OBJC_WEAK = YES;
				CLANG_WARN_BLOCK_CAPTURE_AUTORELEASING = YES;
				CLANG_WARN_BOOL_CONVERSION = YES;
				CLANG_WARN_COMMA = YES;
				CLANG_WARN_CONSTANT_CONVERSION = YES;
				CLANG_WARN_DEPRECATED_OBJC_IMPLEMENTATIONS = YES;
				CLANG_WARN_DIRECT_OBJC_ISA_USAGE = YES_ERROR;
				CLANG_WARN_DOCUMENTATION_COMMENTS = YES;
				CLANG_WARN_EMPTY_BODY = YES;
				CLANG_WARN_ENUM_CONVERSION = YES;
				CLANG_WARN_INFINITE_RECURSION = YES;
				CLANG_WARN_INT_CONVERSION = YES;
				CLANG_WARN_NON_LITERAL_NULL_CONVERSION = YES;
				CLANG_WARN_OBJC_IMPLICIT_RETAIN_SELF = YES;
				CLANG_WARN_OBJC_LITERAL_CONVERSION = YES;
				CLANG_WARN_OBJC_ROOT_CLASS = YES_ERROR;
				CLANG_WARN_QUOTED_INCLUDE_IN_FRAMEWORK_HEADER = YES;
				CLANG_WARN_RANGE_LOOP_ANALYSIS = YES;
				CLANG_WARN_STRICT_PROTOTYPES = YES;
				CLANG_WARN_SUSPICIOUS_MOVE = YES;
				CLANG_WARN_UNGUARDED_AVAILABILITY = YES_AGGRESSIVE;
				CLANG_WARN_UNREACHABLE_CODE = YES;
				CLANG_WARN__DUPLICATE_METHOD_MATCH = YES;
				COPY_PHASE_STRIP = NO;
				DEBUG_INFORMATION_FORMAT = "dwarf-with-dsym";
				ENABLE_NS_ASSERTIONS = NO;
				ENABLE_STRICT_OBJC_MSGSEND = YES;
				GCC_C_LANGUAGE_STANDARD = gnu11;
				GCC_NO_COMMON_BLOCKS = YES;
				GCC_WARN_64_TO_32_BIT_CONVERSION = YES;
				GCC_WARN_ABOUT_RETURN_TYPE = YES_ERROR;
				GCC_WARN_UNDECLARED_SELECTOR = YES;
				GCC_WARN_UNINITIALIZED_AUTOS = YES_AGGRESSIVE;
				GCC_WARN_UNUSED_FUNCTION = YES;
				GCC_WARN_UNUSED_VARIABLE = YES;
				MACOSX_DEPLOYMENT_TARGET = 12.1;
				MTL_ENABLE_DEBUG_INFO = NO;
				MTL_FAST_MATH = YES;
				SDKROOT = macosx;
				SWIFT_COMPILATION_MODE = wholemodule;
				SWIFT_OPTIMIZATION_LEVEL = "-O";
			};
			name = Release;
		};
		18B7CED127B0A47C0075ECC1 /* Debug */ = {
			isa = XCBuildConfiguration;
			buildSettings = {
				ASSETCATALOG_COMPILER_APPICON_NAME = AppIcon;
				ASSETCATALOG_COMPILER_GLOBAL_ACCENT_COLOR_NAME = AccentColor;
				CODE_SIGN_ENTITLEMENTS = FinancesMac/FinancesMac.entitlements;
				CODE_SIGN_STYLE = Automatic;
				COMBINE_HIDPI_IMAGES = YES;
				CURRENT_PROJECT_VERSION = 1;
				DEVELOPMENT_ASSET_PATHS = "\"FinancesMac/Preview Content\"";
				DEVELOPMENT_TEAM = KR99UBUHUT;
				ENABLE_HARDENED_RUNTIME = YES;
				ENABLE_PREVIEWS = YES;
				GENERATE_INFOPLIST_FILE = YES;
				INFOPLIST_FILE = FinancesMac/Info.plist;
				INFOPLIST_KEY_NSHumanReadableCopyright = "";
				LD_RUNPATH_SEARCH_PATHS = (
					"$(inherited)",
					"@executable_path/../Frameworks",
				);
				MARKETING_VERSION = 1.0;
				PRODUCT_BUNDLE_IDENTIFIER = com.versus.fcom.FinancesMac;
				PRODUCT_NAME = "$(TARGET_NAME)";
				SWIFT_EMIT_LOC_STRINGS = YES;
				SWIFT_VERSION = 5.0;
			};
			name = Debug;
		};
		18B7CED227B0A47C0075ECC1 /* Release */ = {
			isa = XCBuildConfiguration;
			buildSettings = {
				ASSETCATALOG_COMPILER_APPICON_NAME = AppIcon;
				ASSETCATALOG_COMPILER_GLOBAL_ACCENT_COLOR_NAME = AccentColor;
				CODE_SIGN_ENTITLEMENTS = FinancesMac/FinancesMac.entitlements;
				CODE_SIGN_STYLE = Automatic;
				COMBINE_HIDPI_IMAGES = YES;
				CURRENT_PROJECT_VERSION = 1;
				DEVELOPMENT_ASSET_PATHS = "\"FinancesMac/Preview Content\"";
				DEVELOPMENT_TEAM = KR99UBUHUT;
				ENABLE_HARDENED_RUNTIME = YES;
				ENABLE_PREVIEWS = YES;
				GENERATE_INFOPLIST_FILE = YES;
				INFOPLIST_FILE = FinancesMac/Info.plist;
				INFOPLIST_KEY_NSHumanReadableCopyright = "";
				LD_RUNPATH_SEARCH_PATHS = (
					"$(inherited)",
					"@executable_path/../Frameworks",
				);
				MARKETING_VERSION = 1.0;
				PRODUCT_BUNDLE_IDENTIFIER = com.versus.fcom.FinancesMac;
				PRODUCT_NAME = "$(TARGET_NAME)";
				SWIFT_EMIT_LOC_STRINGS = YES;
				SWIFT_VERSION = 5.0;
			};
			name = Release;
		};
		18B7CED427B0A47C0075ECC1 /* Debug */ = {
			isa = XCBuildConfiguration;
			buildSettings = {
				ALWAYS_EMBED_SWIFT_STANDARD_LIBRARIES = YES;
				BUNDLE_LOADER = "$(TEST_HOST)";
				CODE_SIGN_STYLE = Automatic;
				CURRENT_PROJECT_VERSION = 1;
				DEVELOPMENT_TEAM = KR99UBUHUT;
				GENERATE_INFOPLIST_FILE = YES;
				MACOSX_DEPLOYMENT_TARGET = 12.1;
				MARKETING_VERSION = 1.0;
				PRODUCT_BUNDLE_IDENTIFIER = com.versus.fcom.FinancesMacTests;
				PRODUCT_NAME = "$(TARGET_NAME)";
				SWIFT_EMIT_LOC_STRINGS = NO;
				SWIFT_VERSION = 5.0;
				TEST_HOST = "$(BUILT_PRODUCTS_DIR)/FinancesMac.app/Contents/MacOS/FinancesMac";
			};
			name = Debug;
		};
		18B7CED527B0A47C0075ECC1 /* Release */ = {
			isa = XCBuildConfiguration;
			buildSettings = {
				ALWAYS_EMBED_SWIFT_STANDARD_LIBRARIES = YES;
				BUNDLE_LOADER = "$(TEST_HOST)";
				CODE_SIGN_STYLE = Automatic;
				CURRENT_PROJECT_VERSION = 1;
				DEVELOPMENT_TEAM = KR99UBUHUT;
				GENERATE_INFOPLIST_FILE = YES;
				MACOSX_DEPLOYMENT_TARGET = 12.1;
				MARKETING_VERSION = 1.0;
				PRODUCT_BUNDLE_IDENTIFIER = com.versus.fcom.FinancesMacTests;
				PRODUCT_NAME = "$(TARGET_NAME)";
				SWIFT_EMIT_LOC_STRINGS = NO;
				SWIFT_VERSION = 5.0;
				TEST_HOST = "$(BUILT_PRODUCTS_DIR)/FinancesMac.app/Contents/MacOS/FinancesMac";
			};
			name = Release;
		};
		18B7CED727B0A47C0075ECC1 /* Debug */ = {
			isa = XCBuildConfiguration;
			buildSettings = {
				ALWAYS_EMBED_SWIFT_STANDARD_LIBRARIES = YES;
				CODE_SIGN_STYLE = Automatic;
				CURRENT_PROJECT_VERSION = 1;
				DEVELOPMENT_TEAM = KR99UBUHUT;
				GENERATE_INFOPLIST_FILE = YES;
				MARKETING_VERSION = 1.0;
				PRODUCT_BUNDLE_IDENTIFIER = com.versus.fcom.FinancesMacUITests;
				PRODUCT_NAME = "$(TARGET_NAME)";
				SWIFT_EMIT_LOC_STRINGS = NO;
				SWIFT_VERSION = 5.0;
				TEST_TARGET_NAME = FinancesMac;
			};
			name = Debug;
		};
		18B7CED827B0A47C0075ECC1 /* Release */ = {
			isa = XCBuildConfiguration;
			buildSettings = {
				ALWAYS_EMBED_SWIFT_STANDARD_LIBRARIES = YES;
				CODE_SIGN_STYLE = Automatic;
				CURRENT_PROJECT_VERSION = 1;
				DEVELOPMENT_TEAM = KR99UBUHUT;
				GENERATE_INFOPLIST_FILE = YES;
				MARKETING_VERSION = 1.0;
				PRODUCT_BUNDLE_IDENTIFIER = com.versus.fcom.FinancesMacUITests;
				PRODUCT_NAME = "$(TARGET_NAME)";
				SWIFT_EMIT_LOC_STRINGS = NO;
				SWIFT_VERSION = 5.0;
				TEST_TARGET_NAME = FinancesMac;
			};
			name = Release;
		};
/* End XCBuildConfiguration section */

/* Begin XCConfigurationList section */
		18B7CEA327B0A47A0075ECC1 /* Build configuration list for PBXProject "FinancesMac" */ = {
			isa = XCConfigurationList;
			buildConfigurations = (
				18B7CECE27B0A47C0075ECC1 /* Debug */,
				18B7CECF27B0A47C0075ECC1 /* Release */,
			);
			defaultConfigurationIsVisible = 0;
			defaultConfigurationName = Release;
		};
		18B7CED027B0A47C0075ECC1 /* Build configuration list for PBXNativeTarget "FinancesMac" */ = {
			isa = XCConfigurationList;
			buildConfigurations = (
				18B7CED127B0A47C0075ECC1 /* Debug */,
				18B7CED227B0A47C0075ECC1 /* Release */,
			);
			defaultConfigurationIsVisible = 0;
			defaultConfigurationName = Release;
		};
		18B7CED327B0A47C0075ECC1 /* Build configuration list for PBXNativeTarget "FinancesMacTests" */ = {
			isa = XCConfigurationList;
			buildConfigurations = (
				18B7CED427B0A47C0075ECC1 /* Debug */,
				18B7CED527B0A47C0075ECC1 /* Release */,
			);
			defaultConfigurationIsVisible = 0;
			defaultConfigurationName = Release;
		};
		18B7CED627B0A47C0075ECC1 /* Build configuration list for PBXNativeTarget "FinancesMacUITests" */ = {
			isa = XCConfigurationList;
			buildConfigurations = (
				18B7CED727B0A47C0075ECC1 /* Debug */,
				18B7CED827B0A47C0075ECC1 /* Release */,
			);
			defaultConfigurationIsVisible = 0;
			defaultConfigurationName = Release;
		};
/* End XCConfigurationList section */
	};
	rootObject = 18B7CEA027B0A47A0075ECC1 /* Project object */;
}
