// !$*UTF8*$!
{
	archiveVersion = 1;
	classes = {
	};
	objectVersion = 55;
	objects = {

/* Begin PBXBuildFile section */
		180F928A27B969C9008F4A6D /* SampleAppsApp.swift in Sources */ = {isa = PBXBuildFile; fileRef = 180F928927B969C9008F4A6D /* SampleAppsApp.swift */; };
		180F928C27B969C9008F4A6D /* ContentView.swift in Sources */ = {isa = PBXBuildFile; fileRef = 180F928B27B969C9008F4A6D /* ContentView.swift */; };
		180F928E27B969CB008F4A6D /* Assets.xcassets in Resources */ = {isa = PBXBuildFile; fileRef = 180F928D27B969CB008F4A6D /* Assets.xcassets */; };
		180F929127B969CB008F4A6D /* Preview Assets.xcassets in Resources */ = {isa = PBXBuildFile; fileRef = 180F929027B969CB008F4A6D /* Preview Assets.xcassets */; };
		180F929627B96A21008F4A6D /* WordScramble in Frameworks */ = {isa = PBXBuildFile; productRef = 180F929527B96A21008F4A6D /* WordScramble */; };
		180F929827B96D21008F4A6D /* WeSplit in Frameworks */ = {isa = PBXBuildFile; productRef = 180F929727B96D21008F4A6D /* WeSplit */; };
		180F929A27B96DBB008F4A6D /* Weather in Frameworks */ = {isa = PBXBuildFile; productRef = 180F929927B96DBB008F4A6D /* Weather */; };
		180F929C27B96E85008F4A6D /* ViewsAndModifiers in Frameworks */ = {isa = PBXBuildFile; productRef = 180F929B27B96E85008F4A6D /* ViewsAndModifiers */; };
		180F929E27B96F8B008F4A6D /* UnitConversion in Frameworks */ = {isa = PBXBuildFile; productRef = 180F929D27B96F8B008F4A6D /* UnitConversion */; };
		180F92A027B971B0008F4A6D /* iExpense in Frameworks */ = {isa = PBXBuildFile; productRef = 180F929F27B971B0008F4A6D /* iExpense */; };
		180F92A227B971B6008F4A6D /* GuessTheFlag in Frameworks */ = {isa = PBXBuildFile; productRef = 180F92A127B971B6008F4A6D /* GuessTheFlag */; };
		180F92A327B971B6008F4A6D /* GuessTheFlag in Embed Frameworks */ = {isa = PBXBuildFile; productRef = 180F92A127B971B6008F4A6D /* GuessTheFlag */; settings = {ATTRIBUTES = (CodeSignOnCopy, ); }; };
		180F92A627B971BB008F4A6D /* BetterRest in Frameworks */ = {isa = PBXBuildFile; productRef = 180F92A527B971BB008F4A6D /* BetterRest */; };
		180F92A827B971C1008F4A6D /* Animations in Frameworks */ = {isa = PBXBuildFile; productRef = 180F92A727B971C1008F4A6D /* Animations */; };
		18B7CEAC27B0A47A0075ECC1 /* FinancesMacApp.swift in Sources */ = {isa = PBXBuildFile; fileRef = 18B7CEAB27B0A47A0075ECC1 /* FinancesMacApp.swift */; };
		18B7CEB227B0A47C0075ECC1 /* Assets.xcassets in Resources */ = {isa = PBXBuildFile; fileRef = 18B7CEB127B0A47C0075ECC1 /* Assets.xcassets */; };
		18B7CEB527B0A47C0075ECC1 /* Preview Assets.xcassets in Resources */ = {isa = PBXBuildFile; fileRef = 18B7CEB427B0A47C0075ECC1 /* Preview Assets.xcassets */; };
		18B7CEC127B0A47C0075ECC1 /* FinancesMacTests.swift in Sources */ = {isa = PBXBuildFile; fileRef = 18B7CEC027B0A47C0075ECC1 /* FinancesMacTests.swift */; };
		18B7CECB27B0A47C0075ECC1 /* FinancesMacUITests.swift in Sources */ = {isa = PBXBuildFile; fileRef = 18B7CECA27B0A47C0075ECC1 /* FinancesMacUITests.swift */; };
		18B7CECD27B0A47C0075ECC1 /* FinancesMacUITestsLaunchTests.swift in Sources */ = {isa = PBXBuildFile; fileRef = 18B7CECC27B0A47C0075ECC1 /* FinancesMacUITestsLaunchTests.swift */; };
		18E2F97B27B7FBE9003B6A79 /* Styles in Frameworks */ = {isa = PBXBuildFile; productRef = 18E2F97A27B7FBE9003B6A79 /* Styles */; };
		18E2F97F27B82116003B6A79 /* MacChat in Frameworks */ = {isa = PBXBuildFile; productRef = 18E2F97E27B82116003B6A79 /* MacChat */; };
/* End PBXBuildFile section */

/* Begin PBXContainerItemProxy section */
		18B7CEBD27B0A47C0075ECC1 /* PBXContainerItemProxy */ = {
			isa = PBXContainerItemProxy;
			containerPortal = 18B7CEA027B0A47A0075ECC1 /* Project object */;
			proxyType = 1;
			remoteGlobalIDString = 18B7CEA727B0A47A0075ECC1;
			remoteInfo = FinancesMac;
		};
		18B7CEC727B0A47C0075ECC1 /* PBXContainerItemProxy */ = {
			isa = PBXContainerItemProxy;
			containerPortal = 18B7CEA027B0A47A0075ECC1 /* Project object */;
			proxyType = 1;
			remoteGlobalIDString = 18B7CEA727B0A47A0075ECC1;
			remoteInfo = FinancesMac;
		};
/* End PBXContainerItemProxy section */

/* Begin PBXCopyFilesBuildPhase section */
		180F92A427B971B6008F4A6D /* Embed Frameworks */ = {
			isa = PBXCopyFilesBuildPhase;
			buildActionMask = 2147483647;
			dstPath = "";
			dstSubfolderSpec = 10;
			files = (
				180F92A327B971B6008F4A6D /* GuessTheFlag in Embed Frameworks */,
			);
			name = "Embed Frameworks";
			runOnlyForDeploymentPostprocessing = 0;
		};
/* End PBXCopyFilesBuildPhase section */

/* Begin PBXFileReference section */
		180F928727B969C9008F4A6D /* SampleApps.app */ = {isa = PBXFileReference; explicitFileType = wrapper.application; includeInIndex = 0; path = SampleApps.app; sourceTree = BUILT_PRODUCTS_DIR; };
		180F928927B969C9008F4A6D /* SampleAppsApp.swift */ = {isa = PBXFileReference; lastKnownFileType = sourcecode.swift; path = SampleAppsApp.swift; sourceTree = "<group>"; };
		180F928B27B969C9008F4A6D /* ContentView.swift */ = {isa = PBXFileReference; lastKnownFileType = sourcecode.swift; path = ContentView.swift; sourceTree = "<group>"; };
		180F928D27B969CB008F4A6D /* Assets.xcassets */ = {isa = PBXFileReference; lastKnownFileType = folder.assetcatalog; path = Assets.xcassets; sourceTree = "<group>"; };
		180F929027B969CB008F4A6D /* Preview Assets.xcassets */ = {isa = PBXFileReference; lastKnownFileType = folder.assetcatalog; path = "Preview Assets.xcassets"; sourceTree = "<group>"; };
		18B7CEA827B0A47A0075ECC1 /* FinancesMac.app */ = {isa = PBXFileReference; explicitFileType = wrapper.application; includeInIndex = 0; path = FinancesMac.app; sourceTree = BUILT_PRODUCTS_DIR; };
		18B7CEAB27B0A47A0075ECC1 /* FinancesMacApp.swift */ = {isa = PBXFileReference; lastKnownFileType = sourcecode.swift; path = FinancesMacApp.swift; sourceTree = "<group>"; };
		18B7CEB127B0A47C0075ECC1 /* Assets.xcassets */ = {isa = PBXFileReference; lastKnownFileType = folder.assetcatalog; path = Assets.xcassets; sourceTree = "<group>"; };
		18B7CEB427B0A47C0075ECC1 /* Preview Assets.xcassets */ = {isa = PBXFileReference; lastKnownFileType = folder.assetcatalog; path = "Preview Assets.xcassets"; sourceTree = "<group>"; };
		18B7CEB627B0A47C0075ECC1 /* Info.plist */ = {isa = PBXFileReference; lastKnownFileType = text.plist.xml; path = Info.plist; sourceTree = "<group>"; };
		18B7CEB727B0A47C0075ECC1 /* FinancesMac.entitlements */ = {isa = PBXFileReference; lastKnownFileType = text.plist.entitlements; path = FinancesMac.entitlements; sourceTree = "<group>"; };
		18B7CEBC27B0A47C0075ECC1 /* FinancesMacTests.xctest */ = {isa = PBXFileReference; explicitFileType = wrapper.cfbundle; includeInIndex = 0; path = FinancesMacTests.xctest; sourceTree = BUILT_PRODUCTS_DIR; };
		18B7CEC027B0A47C0075ECC1 /* FinancesMacTests.swift */ = {isa = PBXFileReference; lastKnownFileType = sourcecode.swift; path = FinancesMacTests.swift; sourceTree = "<group>"; };
		18B7CEC627B0A47C0075ECC1 /* FinancesMacUITests.xctest */ = {isa = PBXFileReference; explicitFileType = wrapper.cfbundle; includeInIndex = 0; path = FinancesMacUITests.xctest; sourceTree = BUILT_PRODUCTS_DIR; };
		18B7CECA27B0A47C0075ECC1 /* FinancesMacUITests.swift */ = {isa = PBXFileReference; lastKnownFileType = sourcecode.swift; path = FinancesMacUITests.swift; sourceTree = "<group>"; };
		18B7CECC27B0A47C0075ECC1 /* FinancesMacUITestsLaunchTests.swift */ = {isa = PBXFileReference; lastKnownFileType = sourcecode.swift; path = FinancesMacUITestsLaunchTests.swift; sourceTree = "<group>"; };
/* End PBXFileReference section */

/* Begin PBXFrameworksBuildPhase section */
		180F928427B969C9008F4A6D /* Frameworks */ = {
			isa = PBXFrameworksBuildPhase;
			buildActionMask = 2147483647;
			files = (
				180F92A827B971C1008F4A6D /* Animations in Frameworks */,
				180F929E27B96F8B008F4A6D /* UnitConversion in Frameworks */,
				180F929C27B96E85008F4A6D /* ViewsAndModifiers in Frameworks */,
				180F929A27B96DBB008F4A6D /* Weather in Frameworks */,
				180F92A027B971B0008F4A6D /* iExpense in Frameworks */,
				180F929627B96A21008F4A6D /* WordScramble in Frameworks */,
				180F92A227B971B6008F4A6D /* GuessTheFlag in Frameworks */,
				180F92A627B971BB008F4A6D /* BetterRest in Frameworks */,
				180F929827B96D21008F4A6D /* WeSplit in Frameworks */,
			);
			runOnlyForDeploymentPostprocessing = 0;
		};
		18B7CEA527B0A47A0075ECC1 /* Frameworks */ = {
			isa = PBXFrameworksBuildPhase;
			buildActionMask = 2147483647;
			files = (
				18E2F97F27B82116003B6A79 /* MacChat in Frameworks */,
				18E2F97B27B7FBE9003B6A79 /* Styles in Frameworks */,
			);
			runOnlyForDeploymentPostprocessing = 0;
		};
		18B7CEB927B0A47C0075ECC1 /* Frameworks */ = {
			isa = PBXFrameworksBuildPhase;
			buildActionMask = 2147483647;
			files = (
			);
			runOnlyForDeploymentPostprocessing = 0;
		};
		18B7CEC327B0A47C0075ECC1 /* Frameworks */ = {
			isa = PBXFrameworksBuildPhase;
			buildActionMask = 2147483647;
			files = (
			);
			runOnlyForDeploymentPostprocessing = 0;
		};
/* End PBXFrameworksBuildPhase section */

/* Begin PBXGroup section */
		180F928827B969C9008F4A6D /* SampleApps */ = {
			isa = PBXGroup;
			children = (
				180F928927B969C9008F4A6D /* SampleAppsApp.swift */,
				180F928B27B969C9008F4A6D /* ContentView.swift */,
				180F928D27B969CB008F4A6D /* Assets.xcassets */,
				180F928F27B969CB008F4A6D /* Preview Content */,
			);
			path = SampleApps;
			sourceTree = "<group>";
		};
		180F928F27B969CB008F4A6D /* Preview Content */ = {
			isa = PBXGroup;
			children = (
				180F929027B969CB008F4A6D /* Preview Assets.xcassets */,
			);
			path = "Preview Content";
			sourceTree = "<group>";
		};
		18B7CE9F27B0A47A0075ECC1 = {
			isa = PBXGroup;
			children = (
				18B7CEAA27B0A47A0075ECC1 /* FinancesMac */,
				18B7CEBF27B0A47C0075ECC1 /* FinancesMacTests */,
				18B7CEC927B0A47C0075ECC1 /* FinancesMacUITests */,
				180F928827B969C9008F4A6D /* SampleApps */,
				18B7CEA927B0A47A0075ECC1 /* Products */,
				18E2F97927B7FBE9003B6A79 /* Frameworks */,
			);
			sourceTree = "<group>";
		};
		18B7CEA927B0A47A0075ECC1 /* Products */ = {
			isa = PBXGroup;
			children = (
				18B7CEA827B0A47A0075ECC1 /* FinancesMac.app */,
				18B7CEBC27B0A47C0075ECC1 /* FinancesMacTests.xctest */,
				18B7CEC627B0A47C0075ECC1 /* FinancesMacUITests.xctest */,
				180F928727B969C9008F4A6D /* SampleApps.app */,
			);
			name = Products;
			sourceTree = "<group>";
		};
		18B7CEAA27B0A47A0075ECC1 /* FinancesMac */ = {
			isa = PBXGroup;
			children = (
				18B7CEAB27B0A47A0075ECC1 /* FinancesMacApp.swift */,
				18B7CEB127B0A47C0075ECC1 /* Assets.xcassets */,
				18B7CEB627B0A47C0075ECC1 /* Info.plist */,
				18B7CEB727B0A47C0075ECC1 /* FinancesMac.entitlements */,
				18B7CEB327B0A47C0075ECC1 /* Preview Content */,
			);
			path = FinancesMac;
			sourceTree = "<group>";
		};
		18B7CEB327B0A47C0075ECC1 /* Preview Content */ = {
			isa = PBXGroup;
			children = (
				18B7CEB427B0A47C0075ECC1 /* Preview Assets.xcassets */,
			);
			path = "Preview Content";
			sourceTree = "<group>";
		};
		18B7CEBF27B0A47C0075ECC1 /* FinancesMacTests */ = {
			isa = PBXGroup;
			children = (
				18B7CEC027B0A47C0075ECC1 /* FinancesMacTests.swift */,
			);
			path = FinancesMacTests;
			sourceTree = "<group>";
		};
		18B7CEC927B0A47C0075ECC1 /* FinancesMacUITests */ = {
			isa = PBXGroup;
			children = (
				18B7CECA27B0A47C0075ECC1 /* FinancesMacUITests.swift */,
				18B7CECC27B0A47C0075ECC1 /* FinancesMacUITestsLaunchTests.swift */,
			);
			path = FinancesMacUITests;
			sourceTree = "<group>";
		};
		18E2F97927B7FBE9003B6A79 /* Frameworks */ = {
			isa = PBXGroup;
			children = (
			);
			name = Frameworks;
			sourceTree = "<group>";
		};
/* End PBXGroup section */

/* Begin PBXNativeTarget section */
		180F928627B969C9008F4A6D /* SampleApps */ = {
			isa = PBXNativeTarget;
			buildConfigurationList = 180F929427B969CB008F4A6D /* Build configuration list for PBXNativeTarget "SampleApps" */;
			buildPhases = (
				180F928327B969C9008F4A6D /* Sources */,
				180F928427B969C9008F4A6D /* Frameworks */,
				180F928527B969C9008F4A6D /* Resources */,
				180F92A427B971B6008F4A6D /* Embed Frameworks */,
			);
			buildRules = (
			);
			dependencies = (
			);
			name = SampleApps;
			packageProductDependencies = (
				180F929527B96A21008F4A6D /* WordScramble */,
				180F929727B96D21008F4A6D /* WeSplit */,
				180F929927B96DBB008F4A6D /* Weather */,
				180F929B27B96E85008F4A6D /* ViewsAndModifiers */,
				180F929D27B96F8B008F4A6D /* UnitConversion */,
				180F929F27B971B0008F4A6D /* iExpense */,
				180F92A127B971B6008F4A6D /* GuessTheFlag */,
				180F92A527B971BB008F4A6D /* BetterRest */,
				180F92A727B971C1008F4A6D /* Animations */,
			);
			productName = SampleApps;
			productReference = 180F928727B969C9008F4A6D /* SampleApps.app */;
			productType = "com.apple.product-type.application";
		};
		18B7CEA727B0A47A0075ECC1 /* FinancesMac */ = {
			isa = PBXNativeTarget;
			buildConfigurationList = 18B7CED027B0A47C0075ECC1 /* Build configuration list for PBXNativeTarget "FinancesMac" */;
			buildPhases = (
				18B7CEA427B0A47A0075ECC1 /* Sources */,
				18B7CEA527B0A47A0075ECC1 /* Frameworks */,
				18B7CEA627B0A47A0075ECC1 /* Resources */,
			);
			buildRules = (
			);
			dependencies = (
			);
			name = FinancesMac;
			packageProductDependencies = (
				18E2F97A27B7FBE9003B6A79 /* Styles */,
				18E2F97E27B82116003B6A79 /* MacChat */,
			);
			productName = FinancesMac;
			productReference = 18B7CEA827B0A47A0075ECC1 /* FinancesMac.app */;
			productType = "com.apple.product-type.application";
		};
		18B7CEBB27B0A47C0075ECC1 /* FinancesMacTests */ = {
			isa = PBXNativeTarget;
			buildConfigurationList = 18B7CED327B0A47C0075ECC1 /* Build configuration list for PBXNativeTarget "FinancesMacTests" */;
			buildPhases = (
				18B7CEB827B0A47C0075ECC1 /* Sources */,
				18B7CEB927B0A47C0075ECC1 /* Frameworks */,
				18B7CEBA27B0A47C0075ECC1 /* Resources */,
			);
			buildRules = (
			);
			dependencies = (
				18B7CEBE27B0A47C0075ECC1 /* PBXTargetDependency */,
			);
			name = FinancesMacTests;
			productName = FinancesMacTests;
			productReference = 18B7CEBC27B0A47C0075ECC1 /* FinancesMacTests.xctest */;
			productType = "com.apple.product-type.bundle.unit-test";
		};
		18B7CEC527B0A47C0075ECC1 /* FinancesMacUITests */ = {
			isa = PBXNativeTarget;
			buildConfigurationList = 18B7CED627B0A47C0075ECC1 /* Build configuration list for PBXNativeTarget "FinancesMacUITests" */;
			buildPhases = (
				18B7CEC227B0A47C0075ECC1 /* Sources */,
				18B7CEC327B0A47C0075ECC1 /* Frameworks */,
				18B7CEC427B0A47C0075ECC1 /* Resources */,
			);
			buildRules = (
			);
			dependencies = (
				18B7CEC827B0A47C0075ECC1 /* PBXTargetDependency */,
			);
			name = FinancesMacUITests;
			productName = FinancesMacUITests;
			productReference = 18B7CEC627B0A47C0075ECC1 /* FinancesMacUITests.xctest */;
			productType = "com.apple.product-type.bundle.ui-testing";
		};
/* End PBXNativeTarget section */

/* Begin PBXProject section */
		18B7CEA027B0A47A0075ECC1 /* Project object */ = {
			isa = PBXProject;
			attributes = {
				BuildIndependentTargetsInParallel = 1;
				LastSwiftUpdateCheck = 1320;
				LastUpgradeCheck = 1320;
				TargetAttributes = {
					180F928627B969C9008F4A6D = {
						CreatedOnToolsVersion = 13.2.1;
					};
					18B7CEA727B0A47A0075ECC1 = {
						CreatedOnToolsVersion = 13.2.1;
					};
					18B7CEBB27B0A47C0075ECC1 = {
						CreatedOnToolsVersion = 13.2.1;
						TestTargetID = 18B7CEA727B0A47A0075ECC1;
					};
					18B7CEC527B0A47C0075ECC1 = {
						CreatedOnToolsVersion = 13.2.1;
						TestTargetID = 18B7CEA727B0A47A0075ECC1;
					};
				};
			};
			buildConfigurationList = 18B7CEA327B0A47A0075ECC1 /* Build configuration list for PBXProject "FinancesMac" */;
			compatibilityVersion = "Xcode 13.0";
			developmentRegion = en;
			hasScannedForEncodings = 0;
			knownRegions = (
				en,
				Base,
			);
			mainGroup = 18B7CE9F27B0A47A0075ECC1;
			productRefGroup = 18B7CEA927B0A47A0075ECC1 /* Products */;
			projectDirPath = "";
			projectRoot = "";
			targets = (
				18B7CEA727B0A47A0075ECC1 /* FinancesMac */,
				18B7CEBB27B0A47C0075ECC1 /* FinancesMacTests */,
				18B7CEC527B0A47C0075ECC1 /* FinancesMacUITests */,
				180F928627B969C9008F4A6D /* SampleApps */,
			);
		};
/* End PBXProject section */

/* Begin PBXResourcesBuildPhase section */
		180F928527B969C9008F4A6D /* Resources */ = {
			isa = PBXResourcesBuildPhase;
			buildActionMask = 2147483647;
			files = (
				180F929127B969CB008F4A6D /* Preview Assets.xcassets in Resources */,
				180F928E27B969CB008F4A6D /* Assets.xcassets in Resources */,
			);
			runOnlyForDeploymentPostprocessing = 0;
		};
		18B7CEA627B0A47A0075ECC1 /* Resources */ = {
			isa = PBXResourcesBuildPhase;
			buildActionMask = 2147483647;
			files = (
				18B7CEB527B0A47C0075ECC1 /* Preview Assets.xcassets in Resources */,
				18B7CEB227B0A47C0075ECC1 /* Assets.xcassets in Resources */,
			);
			runOnlyForDeploymentPostprocessing = 0;
		};
		18B7CEBA27B0A47C0075ECC1 /* Resources */ = {
			isa = PBXResourcesBuildPhase;
			buildActionMask = 2147483647;
			files = (
			);
			runOnlyForDeploymentPostprocessing = 0;
		};
		18B7CEC427B0A47C0075ECC1 /* Resources */ = {
			isa = PBXResourcesBuildPhase;
			buildActionMask = 2147483647;
			files = (
			);
			runOnlyForDeploymentPostprocessing = 0;
		};
/* End PBXResourcesBuildPhase section */

/* Begin PBXSourcesBuildPhase section */
		180F928327B969C9008F4A6D /* Sources */ = {
			isa = PBXSourcesBuildPhase;
			buildActionMask = 2147483647;
			files = (
				180F928C27B969C9008F4A6D /* ContentView.swift in Sources */,
				180F928A27B969C9008F4A6D /* SampleAppsApp.swift in Sources */,
			);
			runOnlyForDeploymentPostprocessing = 0;
		};
		18B7CEA427B0A47A0075ECC1 /* Sources */ = {
			isa = PBXSourcesBuildPhase;
			buildActionMask = 2147483647;
			files = (
				18B7CEAC27B0A47A0075ECC1 /* FinancesMacApp.swift in Sources */,
			);
			runOnlyForDeploymentPostprocessing = 0;
		};
		18B7CEB827B0A47C0075ECC1 /* Sources */ = {
			isa = PBXSourcesBuildPhase;
			buildActionMask = 2147483647;
			files = (
				18B7CEC127B0A47C0075ECC1 /* FinancesMacTests.swift in Sources */,
			);
			runOnlyForDeploymentPostprocessing = 0;
		};
		18B7CEC227B0A47C0075ECC1 /* Sources */ = {
			isa = PBXSourcesBuildPhase;
			buildActionMask = 2147483647;
			files = (
				18B7CECB27B0A47C0075ECC1 /* FinancesMacUITests.swift in Sources */,
				18B7CECD27B0A47C0075ECC1 /* FinancesMacUITestsLaunchTests.swift in Sources */,
			);
			runOnlyForDeploymentPostprocessing = 0;
		};
/* End PBXSourcesBuildPhase section */

/* Begin PBXTargetDependency section */
		18B7CEBE27B0A47C0075ECC1 /* PBXTargetDependency */ = {
			isa = PBXTargetDependency;
			target = 18B7CEA727B0A47A0075ECC1 /* FinancesMac */;
			targetProxy = 18B7CEBD27B0A47C0075ECC1 /* PBXContainerItemProxy */;
		};
		18B7CEC827B0A47C0075ECC1 /* PBXTargetDependency */ = {
			isa = PBXTargetDependency;
			target = 18B7CEA727B0A47A0075ECC1 /* FinancesMac */;
			targetProxy = 18B7CEC727B0A47C0075ECC1 /* PBXContainerItemProxy */;
		};
/* End PBXTargetDependency section */

/* Begin XCBuildConfiguration section */
		180F929227B969CB008F4A6D /* Debug */ = {
			isa = XCBuildConfiguration;
			buildSettings = {
				ASSETCATALOG_COMPILER_APPICON_NAME = AppIcon;
				ASSETCATALOG_COMPILER_GLOBAL_ACCENT_COLOR_NAME = AccentColor;
				CODE_SIGN_STYLE = Automatic;
				CURRENT_PROJECT_VERSION = 1;
				DEVELOPMENT_ASSET_PATHS = "\"SampleApps/Preview Content\"";
				DEVELOPMENT_TEAM = KR99UBUHUT;
				ENABLE_PREVIEWS = YES;
				GENERATE_INFOPLIST_FILE = YES;
				INFOPLIST_KEY_UIApplicationSceneManifest_Generation = YES;
				INFOPLIST_KEY_UIApplicationSupportsIndirectInputEvents = YES;
				INFOPLIST_KEY_UILaunchScreen_Generation = YES;
				INFOPLIST_KEY_UISupportedInterfaceOrientations_iPad = "UIInterfaceOrientationPortrait UIInterfaceOrientationPortraitUpsideDown UIInterfaceOrientationLandscapeLeft UIInterfaceOrientationLandscapeRight";
				INFOPLIST_KEY_UISupportedInterfaceOrientations_iPhone = "UIInterfaceOrientationPortrait UIInterfaceOrientationLandscapeLeft UIInterfaceOrientationLandscapeRight";
				IPHONEOS_DEPLOYMENT_TARGET = 15.2;
				LD_RUNPATH_SEARCH_PATHS = (
					"$(inherited)",
					"@executable_path/Frameworks",
				);
				MARKETING_VERSION = 1.0;
				PRODUCT_BUNDLE_IDENTIFIER = com.versus.fcom.SampleApps;
				PRODUCT_NAME = "$(TARGET_NAME)";
				SDKROOT = iphoneos;
				SWIFT_EMIT_LOC_STRINGS = YES;
				SWIFT_VERSION = 5.0;
				TARGETED_DEVICE_FAMILY = "1,2";
			};
			name = Debug;
		};
		180F929327B969CB008F4A6D /* Release */ = {
			isa = XCBuildConfiguration;
			buildSettings = {
				ASSETCATALOG_COMPILER_APPICON_NAME = AppIcon;
				ASSETCATALOG_COMPILER_GLOBAL_ACCENT_COLOR_NAME = AccentColor;
				CODE_SIGN_STYLE = Automatic;
				CURRENT_PROJECT_VERSION = 1;
				DEVELOPMENT_ASSET_PATHS = "\"SampleApps/Preview Content\"";
				DEVELOPMENT_TEAM = KR99UBUHUT;
				ENABLE_PREVIEWS = YES;
				GENERATE_INFOPLIST_FILE = YES;
				INFOPLIST_KEY_UIApplicationSceneManifest_Generation = YES;
				INFOPLIST_KEY_UIApplicationSupportsIndirectInputEvents = YES;
				INFOPLIST_KEY_UILaunchScreen_Generation = YES;
				INFOPLIST_KEY_UISupportedInterfaceOrientations_iPad = "UIInterfaceOrientationPortrait UIInterfaceOrientationPortraitUpsideDown UIInterfaceOrientationLandscapeLeft UIInterfaceOrientationLandscapeRight";
				INFOPLIST_KEY_UISupportedInterfaceOrientations_iPhone = "UIInterfaceOrientationPortrait UIInterfaceOrientationLandscapeLeft UIInterfaceOrientationLandscapeRight";
				IPHONEOS_DEPLOYMENT_TARGET = 15.2;
				LD_RUNPATH_SEARCH_PATHS = (
					"$(inherited)",
					"@executable_path/Frameworks",
				);
				MARKETING_VERSION = 1.0;
				PRODUCT_BUNDLE_IDENTIFIER = com.versus.fcom.SampleApps;
				PRODUCT_NAME = "$(TARGET_NAME)";
				SDKROOT = iphoneos;
				SWIFT_EMIT_LOC_STRINGS = YES;
				SWIFT_VERSION = 5.0;
				TARGETED_DEVICE_FAMILY = "1,2";
				VALIDATE_PRODUCT = YES;
			};
			name = Release;
		};
		18B7CECE27B0A47C0075ECC1 /* Debug */ = {
			isa = XCBuildConfiguration;
			buildSettings = {
				ALWAYS_SEARCH_USER_PATHS = NO;
				CLANG_ANALYZER_NONNULL = YES;
				CLANG_ANALYZER_NUMBER_OBJECT_CONVERSION = YES_AGGRESSIVE;
				CLANG_CXX_LANGUAGE_STANDARD = "gnu++17";
				CLANG_CXX_LIBRARY = "libc++";
				CLANG_ENABLE_MODULES = YES;
				CLANG_ENABLE_OBJC_ARC = YES;
				CLANG_ENABLE_OBJC_WEAK = YES;
				CLANG_WARN_BLOCK_CAPTURE_AUTORELEASING = YES;
				CLANG_WARN_BOOL_CONVERSION = YES;
				CLANG_WARN_COMMA = YES;
				CLANG_WARN_CONSTANT_CONVERSION = YES;
				CLANG_WARN_DEPRECATED_OBJC_IMPLEMENTATIONS = YES;
				CLANG_WARN_DIRECT_OBJC_ISA_USAGE = YES_ERROR;
				CLANG_WARN_DOCUMENTATION_COMMENTS = YES;
				CLANG_WARN_EMPTY_BODY = YES;
				CLANG_WARN_ENUM_CONVERSION = YES;
				CLANG_WARN_INFINITE_RECURSION = YES;
				CLANG_WARN_INT_CONVERSION = YES;
				CLANG_WARN_NON_LITERAL_NULL_CONVERSION = YES;
				CLANG_WARN_OBJC_IMPLICIT_RETAIN_SELF = YES;
				CLANG_WARN_OBJC_LITERAL_CONVERSION = YES;
				CLANG_WARN_OBJC_ROOT_CLASS = YES_ERROR;
				CLANG_WARN_QUOTED_INCLUDE_IN_FRAMEWORK_HEADER = YES;
				CLANG_WARN_RANGE_LOOP_ANALYSIS = YES;
				CLANG_WARN_STRICT_PROTOTYPES = YES;
				CLANG_WARN_SUSPICIOUS_MOVE = YES;
				CLANG_WARN_UNGUARDED_AVAILABILITY = YES_AGGRESSIVE;
				CLANG_WARN_UNREACHABLE_CODE = YES;
				CLANG_WARN__DUPLICATE_METHOD_MATCH = YES;
				COPY_PHASE_STRIP = NO;
				DEBUG_INFORMATION_FORMAT = dwarf;
				ENABLE_STRICT_OBJC_MSGSEND = YES;
				ENABLE_TESTABILITY = YES;
				GCC_C_LANGUAGE_STANDARD = gnu11;
				GCC_DYNAMIC_NO_PIC = NO;
				GCC_NO_COMMON_BLOCKS = YES;
				GCC_OPTIMIZATION_LEVEL = 0;
				GCC_PREPROCESSOR_DEFINITIONS = (
					"DEBUG=1",
					"$(inherited)",
				);
				GCC_WARN_64_TO_32_BIT_CONVERSION = YES;
				GCC_WARN_ABOUT_RETURN_TYPE = YES_ERROR;
				GCC_WARN_UNDECLARED_SELECTOR = YES;
				GCC_WARN_UNINITIALIZED_AUTOS = YES_AGGRESSIVE;
				GCC_WARN_UNUSED_FUNCTION = YES;
				GCC_WARN_UNUSED_VARIABLE = YES;
				MACOSX_DEPLOYMENT_TARGET = 12.1;
				MTL_ENABLE_DEBUG_INFO = INCLUDE_SOURCE;
				MTL_FAST_MATH = YES;
				ONLY_ACTIVE_ARCH = YES;
				SDKROOT = macosx;
				SWIFT_ACTIVE_COMPILATION_CONDITIONS = DEBUG;
				SWIFT_OPTIMIZATION_LEVEL = "-Onone";
			};
			name = Debug;
		};
		18B7CECF27B0A47C0075ECC1 /* Release */ = {
			isa = XCBuildConfiguration;
			buildSettings = {
				ALWAYS_SEARCH_USER_PATHS = NO;
				CLANG_ANALYZER_NONNULL = YES;
				CLANG_ANALYZER_NUMBER_OBJECT_CONVERSION = YES_AGGRESSIVE;
				CLANG_CXX_LANGUAGE_STANDARD = "gnu++17";
				CLANG_CXX_LIBRARY = "libc++";
				CLANG_ENABLE_MODULES = YES;
				CLANG_ENABLE_OBJC_ARC = YES;
				CLANG_ENABLE_OBJC_WEAK = YES;
				CLANG_WARN_BLOCK_CAPTURE_AUTORELEASING = YES;
				CLANG_WARN_BOOL_CONVERSION = YES;
				CLANG_WARN_COMMA = YES;
				CLANG_WARN_CONSTANT_CONVERSION = YES;
				CLANG_WARN_DEPRECATED_OBJC_IMPLEMENTATIONS = YES;
				CLANG_WARN_DIRECT_OBJC_ISA_USAGE = YES_ERROR;
				CLANG_WARN_DOCUMENTATION_COMMENTS = YES;
				CLANG_WARN_EMPTY_BODY = YES;
				CLANG_WARN_ENUM_CONVERSION = YES;
				CLANG_WARN_INFINITE_RECURSION = YES;
				CLANG_WARN_INT_CONVERSION = YES;
				CLANG_WARN_NON_LITERAL_NULL_CONVERSION = YES;
				CLANG_WARN_OBJC_IMPLICIT_RETAIN_SELF = YES;
				CLANG_WARN_OBJC_LITERAL_CONVERSION = YES;
				CLANG_WARN_OBJC_ROOT_CLASS = YES_ERROR;
				CLANG_WARN_QUOTED_INCLUDE_IN_FRAMEWORK_HEADER = YES;
				CLANG_WARN_RANGE_LOOP_ANALYSIS = YES;
				CLANG_WARN_STRICT_PROTOTYPES = YES;
				CLANG_WARN_SUSPICIOUS_MOVE = YES;
				CLANG_WARN_UNGUARDED_AVAILABILITY = YES_AGGRESSIVE;
				CLANG_WARN_UNREACHABLE_CODE = YES;
				CLANG_WARN__DUPLICATE_METHOD_MATCH = YES;
				COPY_PHASE_STRIP = NO;
				DEBUG_INFORMATION_FORMAT = "dwarf-with-dsym";
				ENABLE_NS_ASSERTIONS = NO;
				ENABLE_STRICT_OBJC_MSGSEND = YES;
				GCC_C_LANGUAGE_STANDARD = gnu11;
				GCC_NO_COMMON_BLOCKS = YES;
				GCC_WARN_64_TO_32_BIT_CONVERSION = YES;
				GCC_WARN_ABOUT_RETURN_TYPE = YES_ERROR;
				GCC_WARN_UNDECLARED_SELECTOR = YES;
				GCC_WARN_UNINITIALIZED_AUTOS = YES_AGGRESSIVE;
				GCC_WARN_UNUSED_FUNCTION = YES;
				GCC_WARN_UNUSED_VARIABLE = YES;
				MACOSX_DEPLOYMENT_TARGET = 12.1;
				MTL_ENABLE_DEBUG_INFO = NO;
				MTL_FAST_MATH = YES;
				SDKROOT = macosx;
				SWIFT_COMPILATION_MODE = wholemodule;
				SWIFT_OPTIMIZATION_LEVEL = "-O";
			};
			name = Release;
		};
		18B7CED127B0A47C0075ECC1 /* Debug */ = {
			isa = XCBuildConfiguration;
			buildSettings = {
				ASSETCATALOG_COMPILER_APPICON_NAME = AppIcon;
				ASSETCATALOG_COMPILER_GLOBAL_ACCENT_COLOR_NAME = AccentColor;
				CODE_SIGN_ENTITLEMENTS = FinancesMac/FinancesMac.entitlements;
				CODE_SIGN_STYLE = Automatic;
				COMBINE_HIDPI_IMAGES = YES;
				CURRENT_PROJECT_VERSION = 1;
				DEVELOPMENT_ASSET_PATHS = "\"FinancesMac/Preview Content\"";
				DEVELOPMENT_TEAM = KR99UBUHUT;
				ENABLE_HARDENED_RUNTIME = YES;
				ENABLE_PREVIEWS = YES;
				GENERATE_INFOPLIST_FILE = YES;
				INFOPLIST_FILE = FinancesMac/Info.plist;
				INFOPLIST_KEY_NSHumanReadableCopyright = "";
				LD_RUNPATH_SEARCH_PATHS = (
					"$(inherited)",
					"@executable_path/../Frameworks",
				);
				MARKETING_VERSION = 1.0;
				PRODUCT_BUNDLE_IDENTIFIER = com.versus.fcom.FinancesMac;
				PRODUCT_NAME = "$(TARGET_NAME)";
				SWIFT_EMIT_LOC_STRINGS = YES;
				SWIFT_VERSION = 5.0;
			};
			name = Debug;
		};
		18B7CED227B0A47C0075ECC1 /* Release */ = {
			isa = XCBuildConfiguration;
			buildSettings = {
				ASSETCATALOG_COMPILER_APPICON_NAME = AppIcon;
				ASSETCATALOG_COMPILER_GLOBAL_ACCENT_COLOR_NAME = AccentColor;
				CODE_SIGN_ENTITLEMENTS = FinancesMac/FinancesMac.entitlements;
				CODE_SIGN_STYLE = Automatic;
				COMBINE_HIDPI_IMAGES = YES;
				CURRENT_PROJECT_VERSION = 1;
				DEVELOPMENT_ASSET_PATHS = "\"FinancesMac/Preview Content\"";
				DEVELOPMENT_TEAM = KR99UBUHUT;
				ENABLE_HARDENED_RUNTIME = YES;
				ENABLE_PREVIEWS = YES;
				GENERATE_INFOPLIST_FILE = YES;
				INFOPLIST_FILE = FinancesMac/Info.plist;
				INFOPLIST_KEY_NSHumanReadableCopyright = "";
				LD_RUNPATH_SEARCH_PATHS = (
					"$(inherited)",
					"@executable_path/../Frameworks",
				);
				MARKETING_VERSION = 1.0;
				PRODUCT_BUNDLE_IDENTIFIER = com.versus.fcom.FinancesMac;
				PRODUCT_NAME = "$(TARGET_NAME)";
				SWIFT_EMIT_LOC_STRINGS = YES;
				SWIFT_VERSION = 5.0;
			};
			name = Release;
		};
		18B7CED427B0A47C0075ECC1 /* Debug */ = {
			isa = XCBuildConfiguration;
			buildSettings = {
				ALWAYS_EMBED_SWIFT_STANDARD_LIBRARIES = YES;
				BUNDLE_LOADER = "$(TEST_HOST)";
				CODE_SIGN_STYLE = Automatic;
				CURRENT_PROJECT_VERSION = 1;
				DEVELOPMENT_TEAM = KR99UBUHUT;
				GENERATE_INFOPLIST_FILE = YES;
				MACOSX_DEPLOYMENT_TARGET = 12.1;
				MARKETING_VERSION = 1.0;
				PRODUCT_BUNDLE_IDENTIFIER = com.versus.fcom.FinancesMacTests;
				PRODUCT_NAME = "$(TARGET_NAME)";
				SWIFT_EMIT_LOC_STRINGS = NO;
				SWIFT_VERSION = 5.0;
				TEST_HOST = "$(BUILT_PRODUCTS_DIR)/FinancesMac.app/Contents/MacOS/FinancesMac";
			};
			name = Debug;
		};
		18B7CED527B0A47C0075ECC1 /* Release */ = {
			isa = XCBuildConfiguration;
			buildSettings = {
				ALWAYS_EMBED_SWIFT_STANDARD_LIBRARIES = YES;
				BUNDLE_LOADER = "$(TEST_HOST)";
				CODE_SIGN_STYLE = Automatic;
				CURRENT_PROJECT_VERSION = 1;
				DEVELOPMENT_TEAM = KR99UBUHUT;
				GENERATE_INFOPLIST_FILE = YES;
				MACOSX_DEPLOYMENT_TARGET = 12.1;
				MARKETING_VERSION = 1.0;
				PRODUCT_BUNDLE_IDENTIFIER = com.versus.fcom.FinancesMacTests;
				PRODUCT_NAME = "$(TARGET_NAME)";
				SWIFT_EMIT_LOC_STRINGS = NO;
				SWIFT_VERSION = 5.0;
				TEST_HOST = "$(BUILT_PRODUCTS_DIR)/FinancesMac.app/Contents/MacOS/FinancesMac";
			};
			name = Release;
		};
		18B7CED727B0A47C0075ECC1 /* Debug */ = {
			isa = XCBuildConfiguration;
			buildSettings = {
				ALWAYS_EMBED_SWIFT_STANDARD_LIBRARIES = YES;
				CODE_SIGN_STYLE = Automatic;
				CURRENT_PROJECT_VERSION = 1;
				DEVELOPMENT_TEAM = KR99UBUHUT;
				GENERATE_INFOPLIST_FILE = YES;
				MARKETING_VERSION = 1.0;
				PRODUCT_BUNDLE_IDENTIFIER = com.versus.fcom.FinancesMacUITests;
				PRODUCT_NAME = "$(TARGET_NAME)";
				SWIFT_EMIT_LOC_STRINGS = NO;
				SWIFT_VERSION = 5.0;
				TEST_TARGET_NAME = FinancesMac;
			};
			name = Debug;
		};
		18B7CED827B0A47C0075ECC1 /* Release */ = {
			isa = XCBuildConfiguration;
			buildSettings = {
				ALWAYS_EMBED_SWIFT_STANDARD_LIBRARIES = YES;
				CODE_SIGN_STYLE = Automatic;
				CURRENT_PROJECT_VERSION = 1;
				DEVELOPMENT_TEAM = KR99UBUHUT;
				GENERATE_INFOPLIST_FILE = YES;
				MARKETING_VERSION = 1.0;
				PRODUCT_BUNDLE_IDENTIFIER = com.versus.fcom.FinancesMacUITests;
				PRODUCT_NAME = "$(TARGET_NAME)";
				SWIFT_EMIT_LOC_STRINGS = NO;
				SWIFT_VERSION = 5.0;
				TEST_TARGET_NAME = FinancesMac;
			};
			name = Release;
		};
/* End XCBuildConfiguration section */

/* Begin XCConfigurationList section */
		180F929427B969CB008F4A6D /* Build configuration list for PBXNativeTarget "SampleApps" */ = {
			isa = XCConfigurationList;
			buildConfigurations = (
				180F929227B969CB008F4A6D /* Debug */,
				180F929327B969CB008F4A6D /* Release */,
			);
			defaultConfigurationIsVisible = 0;
			defaultConfigurationName = Release;
		};
		18B7CEA327B0A47A0075ECC1 /* Build configuration list for PBXProject "FinancesMac" */ = {
			isa = XCConfigurationList;
			buildConfigurations = (
				18B7CECE27B0A47C0075ECC1 /* Debug */,
				18B7CECF27B0A47C0075ECC1 /* Release */,
			);
			defaultConfigurationIsVisible = 0;
			defaultConfigurationName = Release;
		};
		18B7CED027B0A47C0075ECC1 /* Build configuration list for PBXNativeTarget "FinancesMac" */ = {
			isa = XCConfigurationList;
			buildConfigurations = (
				18B7CED127B0A47C0075ECC1 /* Debug */,
				18B7CED227B0A47C0075ECC1 /* Release */,
			);
			defaultConfigurationIsVisible = 0;
			defaultConfigurationName = Release;
		};
		18B7CED327B0A47C0075ECC1 /* Build configuration list for PBXNativeTarget "FinancesMacTests" */ = {
			isa = XCConfigurationList;
			buildConfigurations = (
				18B7CED427B0A47C0075ECC1 /* Debug */,
				18B7CED527B0A47C0075ECC1 /* Release */,
			);
			defaultConfigurationIsVisible = 0;
			defaultConfigurationName = Release;
		};
		18B7CED627B0A47C0075ECC1 /* Build configuration list for PBXNativeTarget "FinancesMacUITests" */ = {
			isa = XCConfigurationList;
			buildConfigurations = (
				18B7CED727B0A47C0075ECC1 /* Debug */,
				18B7CED827B0A47C0075ECC1 /* Release */,
			);
			defaultConfigurationIsVisible = 0;
			defaultConfigurationName = Release;
		};
/* End XCConfigurationList section */

/* Begin XCSwiftPackageProductDependency section */
		180F929527B96A21008F4A6D /* WordScramble */ = {
			isa = XCSwiftPackageProductDependency;
			productName = WordScramble;
		};
		180F929727B96D21008F4A6D /* WeSplit */ = {
			isa = XCSwiftPackageProductDependency;
			productName = WeSplit;
		};
		180F929927B96DBB008F4A6D /* Weather */ = {
			isa = XCSwiftPackageProductDependency;
			productName = Weather;
		};
		180F929B27B96E85008F4A6D /* ViewsAndModifiers */ = {
			isa = XCSwiftPackageProductDependency;
			productName = ViewsAndModifiers;
		};
		180F929D27B96F8B008F4A6D /* UnitConversion */ = {
			isa = XCSwiftPackageProductDependency;
			productName = UnitConversion;
		};
		180F929F27B971B0008F4A6D /* iExpense */ = {
			isa = XCSwiftPackageProductDependency;
			productName = iExpense;
		};
		180F92A127B971B6008F4A6D /* GuessTheFlag */ = {
			isa = XCSwiftPackageProductDependency;
			productName = GuessTheFlag;
		};
		180F92A527B971BB008F4A6D /* BetterRest */ = {
			isa = XCSwiftPackageProductDependency;
			productName = BetterRest;
		};
		180F92A727B971C1008F4A6D /* Animations */ = {
			isa = XCSwiftPackageProductDependency;
			productName = Animations;
		};
		18E2F97A27B7FBE9003B6A79 /* Styles */ = {
			isa = XCSwiftPackageProductDependency;
			productName = Styles;
		};
		18E2F97E27B82116003B6A79 /* MacChat */ = {
			isa = XCSwiftPackageProductDependency;
			productName = MacChat;
		};
/* End XCSwiftPackageProductDependency section */
	};
	rootObject = 18B7CEA027B0A47A0075ECC1 /* Project object */;
}
